{
  "version": "3",
  "redirects": {
    "https://deno.land/x/danet/mod.ts": "https://deno.land/x/danet@2.2.0/mod.ts",
    "https://deno.land/x/danet/src/metadata/mod.ts": "https://deno.land/x/danet@2.2.0/src/metadata/mod.ts",
    "https://deno.land/x/danet/validation.ts": "https://deno.land/x/danet@2.2.0/validation.ts",
    "https://deno.land/x/danet_swagger/decorators.ts": "https://deno.land/x/danet_swagger@2.0.0/decorators.ts",
    "https://deno.land/x/danet_swagger/mod.ts": "https://deno.land/x/danet_swagger@2.0.0/mod.ts",
    "https://deno.land/x/hono/middleware.ts": "https://deno.land/x/hono@v4.0.5/middleware.ts",
    "https://deno.land/x/hono/mod.ts": "https://deno.land/x/hono@v4.0.5/mod.ts",
    "https://deno.land/x/hono/types.ts": "https://deno.land/x/hono@v4.0.5/types.ts"
  },
  "remote": {
    "https://deno.land/std@0.110.0/_util/assert.ts": "2f868145a042a11d5ad0a3c748dcf580add8a0dbc0e876eaa0026303a5488f58",
    "https://deno.land/std@0.110.0/_util/os.ts": "dfb186cc4e968c770ab6cc3288bd65f4871be03b93beecae57d657232ecffcac",
    "https://deno.land/std@0.110.0/fs/_util.ts": "f2ce811350236ea8c28450ed822a5f42a0892316515b1cd61321dec13569c56b",
    "https://deno.land/std@0.110.0/fs/copy.ts": "631bbafbfe6cba282158abc8aeb7e8251cc69a7ec28ce12878ea1b75fec2add4",
    "https://deno.land/std@0.110.0/fs/empty_dir.ts": "5f08b263dd064dc7917c4bbeb13de0f5505a664b9cdfe312fa86e7518cfaeb84",
    "https://deno.land/std@0.110.0/fs/ensure_dir.ts": "b7c103dc41a3d1dbbb522bf183c519c37065fdc234831a4a0f7d671b1ed5fea7",
    "https://deno.land/std@0.110.0/fs/ensure_file.ts": "c06031af24368e80c330897e4b8e9109efc8602ffabc8f3e2306be07529e1d13",
    "https://deno.land/std@0.110.0/fs/ensure_link.ts": "26e54363508b822afd87a3f6e873bbbcd6b5993dd638f8170758c16262a75065",
    "https://deno.land/std@0.110.0/fs/ensure_symlink.ts": "c07b6d19ef58b6f5c671ffa942e7f9be50315f4f78e2f9f511626fd2e13beccc",
    "https://deno.land/std@0.110.0/fs/eol.ts": "afaebaaac36f48c423b920c836551997715672b80a0fee9aa7667c181a94f2df",
    "https://deno.land/std@0.110.0/fs/exists.ts": "b0d2e31654819cc2a8d37df45d6b14686c0cc1d802e9ff09e902a63e98b85a00",
    "https://deno.land/std@0.110.0/fs/expand_glob.ts": "756e8f9a06cd25e05f62b2941657f6f3fc73563bf77f14edaa472eaf9949910e",
    "https://deno.land/std@0.110.0/fs/mod.ts": "26eee4b52a8c516e37d464094b080ff6822883e7f01ff0ba0a72b8dcd54b9927",
    "https://deno.land/std@0.110.0/fs/move.ts": "4623058e39bbbeb3ad30aeff9c974c55d2d574ad7c480295c12b04c244686a99",
    "https://deno.land/std@0.110.0/fs/walk.ts": "f633829f967d2979ab285dbfb09eb0d7d000fd175b95156b63fcede435d1a807",
    "https://deno.land/std@0.110.0/path/_constants.ts": "1247fee4a79b70c89f23499691ef169b41b6ccf01887a0abd131009c5581b853",
    "https://deno.land/std@0.110.0/path/_interface.ts": "1fa73b02aaa24867e481a48492b44f2598cd9dfa513c7b34001437007d3642e4",
    "https://deno.land/std@0.110.0/path/_util.ts": "2e06a3b9e79beaf62687196bd4b60a4c391d862cfa007a20fc3a39f778ba073b",
    "https://deno.land/std@0.110.0/path/common.ts": "f41a38a0719a1e85aa11c6ba3bea5e37c15dd009d705bd8873f94c833568cbc4",
    "https://deno.land/std@0.110.0/path/glob.ts": "46708a3249cb5dc4a116cae3055114d6339bd5f0c1f412db6a4e0cb44c828a7d",
    "https://deno.land/std@0.110.0/path/mod.ts": "4465dc494f271b02569edbb4a18d727063b5dbd6ed84283ff906260970a15d12",
    "https://deno.land/std@0.110.0/path/posix.ts": "34349174b9cd121625a2810837a82dd8b986bbaaad5ade690d1de75bbb4555b2",
    "https://deno.land/std@0.110.0/path/separator.ts": "8fdcf289b1b76fd726a508f57d3370ca029ae6976fcde5044007f062e643ff1c",
    "https://deno.land/std@0.110.0/path/win32.ts": "2edb2f71f10578ee1168de01a8cbd3c65483e45a46bc2fa3156a0c6bfbd2720d",
    "https://deno.land/std@0.135.0/fmt/colors.ts": "30455035d6d728394781c10755351742dd731e3db6771b1843f9b9e490104d37",
    "https://deno.land/std@0.140.0/fmt/colors.ts": "30455035d6d728394781c10755351742dd731e3db6771b1843f9b9e490104d37",
    "https://deno.land/std@0.140.0/testing/_diff.ts": "029a00560b0d534bc0046f1bce4bd36b3b41ada3f2a3178c85686eb2ff5f1413",
    "https://deno.land/std@0.140.0/testing/_format.ts": "0d8dc79eab15b67cdc532826213bbe05bccfd276ca473a50a3fc7bbfb7260642",
    "https://deno.land/std@0.140.0/testing/_test_suite.ts": "54390204bbef50d8844d95fbd286cea39a6fe7337b3f1f8e10e7a8167117f81c",
    "https://deno.land/std@0.140.0/testing/asserts.ts": "3eea146ece74b36d4add6243c19c302e47b2b0201fbeceeeb243b06b6b410af7",
    "https://deno.land/std@0.140.0/testing/bdd.ts": "182bb823e09bd75b76063ecf50722870101b7cfadf97a09fa29127279dc21128",
    "https://deno.land/std@0.167.0/_util/asserts.ts": "d0844e9b62510f89ce1f9878b046f6a57bf88f208a10304aab50efcb48365272",
    "https://deno.land/std@0.167.0/_util/os.ts": "8a33345f74990e627b9dfe2de9b040004b08ea5146c7c9e8fe9a29070d193934",
    "https://deno.land/std@0.167.0/path/_constants.ts": "df1db3ffa6dd6d1252cc9617e5d72165cd2483df90e93833e13580687b6083c3",
    "https://deno.land/std@0.167.0/path/_interface.ts": "ee3b431a336b80cf445441109d089b70d87d5e248f4f90ff906820889ecf8d09",
    "https://deno.land/std@0.167.0/path/_util.ts": "d16be2a16e1204b65f9d0dfc54a9bc472cafe5f4a190b3c8471ec2016ccd1677",
    "https://deno.land/std@0.167.0/path/common.ts": "bee563630abd2d97f99d83c96c2fa0cca7cee103e8cb4e7699ec4d5db7bd2633",
    "https://deno.land/std@0.167.0/path/glob.ts": "81cc6c72be002cd546c7a22d1f263f82f63f37fe0035d9726aa96fc8f6e4afa1",
    "https://deno.land/std@0.167.0/path/mod.ts": "cf7cec7ac11b7048bb66af8ae03513e66595c279c65cfa12bfc07d9599608b78",
    "https://deno.land/std@0.167.0/path/posix.ts": "b859684bc4d80edfd4cad0a82371b50c716330bed51143d6dcdbe59e6278b30c",
    "https://deno.land/std@0.167.0/path/separator.ts": "fe1816cb765a8068afb3e8f13ad272351c85cbc739af56dacfc7d93d710fe0f9",
    "https://deno.land/std@0.167.0/path/win32.ts": "7cebd2bda6657371adc00061a1d23fdd87bcdf64b4843bb148b0b24c11b40f69",
    "https://deno.land/std@0.191.0/collections/filter_values.ts": "5b9feaf17b9a6e5ffccdd36cf6f38fa4ffa94cff2602d381c2ad0c2a97929652",
    "https://deno.land/std@0.191.0/collections/without_all.ts": "a89f5da0b5830defed4f59666e188df411d8fece35a5f6ca69be6ca71a95c185",
    "https://deno.land/std@0.191.0/dotenv/load.ts": "0636983549b98f29ab75c9a22a42d9723f0a389ece5498fe971e7bb2556a12e2",
    "https://deno.land/std@0.191.0/dotenv/mod.ts": "f5a8123741d1561ae8184a7f043bc097b15132c5171c651142b804b6dbc21853",
    "https://deno.land/x/danet@2.2.0/mod.ts": "ae460617f8a480adb109d1348b9367163733ac286b4814d16b8fdef28252b670",
    "https://deno.land/x/danet@2.2.0/src/app.ts": "0c393e2c11e892ef35d31437f967b9179314d33e8f6113d39e98a4c4ea0fe1f6",
    "https://deno.land/x/danet@2.2.0/src/deps.ts": "33298893433be5e46e2427eb42b6544e0cda612ae0bfc648cc6ae3e30a6186d9",
    "https://deno.land/x/danet@2.2.0/src/events/constants.ts": "dd281d88bb0aae5abf9a1cfe02ce3d42d854f4db3693eab2c9ba1cd4436472f9",
    "https://deno.land/x/danet@2.2.0/src/events/decorator.ts": "978fd339543eb2165bd9a39238f17abc0aca420491ec850e3a5afddb69d3d740",
    "https://deno.land/x/danet@2.2.0/src/events/events.ts": "024011d52e4f19fdfd93c3014c261f71a158c624492566cb548e9166fc35beb4",
    "https://deno.land/x/danet@2.2.0/src/events/mod.ts": "21570c4898c2a2063d31fd5a51ec4de62f2f59e60c769037400c9e495d2416ff",
    "https://deno.land/x/danet@2.2.0/src/events/module.ts": "5b496539dc1f25188cad66ab826a23a7ac0c0a0a78e33e921ee690ddfec7972f",
    "https://deno.land/x/danet@2.2.0/src/exception/filter/decorator.ts": "d9737b2f47af3052906fc8d9da18c3af61bed80e9337c92ba98ba78a26df93d5",
    "https://deno.land/x/danet@2.2.0/src/exception/filter/executor.ts": "66b038d041f26cb93e01265ae3ebc6352bdc11f8576b021c0ebb5ac296554080",
    "https://deno.land/x/danet@2.2.0/src/exception/filter/interface.ts": "b366b966401a9d5a468b56d614bb2c696b369d0656139f03ec469eebdc20c438",
    "https://deno.land/x/danet@2.2.0/src/exception/filter/mod.ts": "beac6e854147663b64b54075ad8639cd3a58b83ff8978c06f46423ddefefd8f2",
    "https://deno.land/x/danet@2.2.0/src/exception/http/enum.ts": "b2da1bbddbde11082a6af473eea25bbe950086aa1f034a063f0f67319e63ade6",
    "https://deno.land/x/danet@2.2.0/src/exception/http/exceptions.ts": "ea800f85739485456ae3dba911dfd5cea402c7c8555833d04a0560cfc0a7e5ba",
    "https://deno.land/x/danet@2.2.0/src/exception/http/mod.ts": "6063818631d52bad44b5b27b65cee9290a854e1c0d8d1ea740d75be26caffd73",
    "https://deno.land/x/danet@2.2.0/src/exception/mod.ts": "ae042eb95fa0050de4f7aabd76f8587899be2d2a7c9c4c0f354b959e79f0cfb9",
    "https://deno.land/x/danet@2.2.0/src/guard/constants.ts": "1ec87912fde1b2a8e2b0d961fbad1fd8bbbd3b86e56fca6f2f1a0d564c5b03c4",
    "https://deno.land/x/danet@2.2.0/src/guard/decorator.ts": "08bf6e6ba13645812c3d8cdac633396be6601778a1eb49c07418c8f1caeeeec3",
    "https://deno.land/x/danet@2.2.0/src/guard/executor.ts": "fe1e242d132d761c638d8554fcc51b127479f83aa56f23fb58911b5553bb959e",
    "https://deno.land/x/danet@2.2.0/src/guard/interface.ts": "c745814606ab6038dcea29c53216c4709b4b4fdb49db13f50d0c381b424af26c",
    "https://deno.land/x/danet@2.2.0/src/guard/mod.ts": "8fa6a61418bf19f7465a78a3c99ac9991c183d3c852a92f67c6cf1d782ad3f9c",
    "https://deno.land/x/danet@2.2.0/src/hook/executor.ts": "33ecfb464ec93c224008d0cb71ed218fd9587c471ea49aa041e1a3447b312eb0",
    "https://deno.land/x/danet@2.2.0/src/hook/interfaces.ts": "e9f891534ceac1b6731e4318857e69be80db4109e198f9a71c004e4d153f7ed9",
    "https://deno.land/x/danet@2.2.0/src/injector/decorator.ts": "3e0f755bc15f7fd3100b85b4ac88dfd8a334cbaad95cfc9e1a94e2ae4ab77133",
    "https://deno.land/x/danet@2.2.0/src/injector/injectable/constructor.ts": "7f100dc762969f5856dc70fa908be2540edc8aba95ceed8abac7812b743eec0f",
    "https://deno.land/x/danet@2.2.0/src/injector/injectable/decorator.ts": "c978b9e61b63286f09abaa4d15a6b0125bdc8cd90f1c55b804dfbe32ee64ba9e",
    "https://deno.land/x/danet@2.2.0/src/injector/injectable/helper.ts": "07d3c13857cf6150f3408c2234f30a23765aaafbc7fb8b16c4dc43462c96d795",
    "https://deno.land/x/danet@2.2.0/src/injector/injectable/mod.ts": "055664bf1f7afc1f37c2fd31e567b40cefc06c56066f57692bed50bf69b123ed",
    "https://deno.land/x/danet@2.2.0/src/injector/injector.ts": "63854205fc18aa90c1c79188579735f65fcddb60531c3adba9db9f3bcf24220a",
    "https://deno.land/x/danet@2.2.0/src/injector/mod.ts": "f6274c29897f538fce9e00c1e3268037e43adb75595d413e29bd541662c47105",
    "https://deno.land/x/danet@2.2.0/src/logger.ts": "16ce2624f00573e19d87469d4827b8675249d31f3e2585a47f0ac123b2e41255",
    "https://deno.land/x/danet@2.2.0/src/metadata/decorator.ts": "e536384f517193f5ff2fff71015ddb36d06fa985d2208945650264e419122340",
    "https://deno.land/x/danet@2.2.0/src/metadata/helper.ts": "405c6af5710d0d5b9fa82ca2611f1ba90e032ebc774ac0785766a53645685203",
    "https://deno.land/x/danet@2.2.0/src/metadata/mod.ts": "ddf536f8880fc2761342beb4f0e1833bc0fa3119329aec3eb78aa3258ae79f8e",
    "https://deno.land/x/danet@2.2.0/src/mod.ts": "240ad90e3ddd3fbdce4c961bc93c7d60d409b38cd93696d91c052ddbe5598224",
    "https://deno.land/x/danet@2.2.0/src/module/constructor.ts": "49055306a173555616d1f0ac95db9b4f55adaab1dce57177bb36f36303f47843",
    "https://deno.land/x/danet@2.2.0/src/module/decorator.ts": "dcaf85f7ece799f7ae8f93eb44327875e48b016f1de09f194c774cc2634ba243",
    "https://deno.land/x/danet@2.2.0/src/module/mod.ts": "055664bf1f7afc1f37c2fd31e567b40cefc06c56066f57692bed50bf69b123ed",
    "https://deno.land/x/danet@2.2.0/src/renderer/decorator.ts": "2b8689cdd9916a871853158d74bf6f36ae67eedb3cda2adac8272fdc68155c7a",
    "https://deno.land/x/danet@2.2.0/src/renderer/handlebar.ts": "a0d8cd5a4ba92ed522dab0e12e9d9fedbe3e7185797f54c233b1a01fd3f3cb82",
    "https://deno.land/x/danet@2.2.0/src/renderer/interface.ts": "360199d2fe78d5f268666989e806c70ee6d181446552b0b791eb0a3ccf7e1706",
    "https://deno.land/x/danet@2.2.0/src/router/controller/constructor.ts": "0c4d0163c18cfe03a6b62391fa6e3d5c0bada508ddef9cba11b7e67db5f6d7c5",
    "https://deno.land/x/danet@2.2.0/src/router/controller/decorator.ts": "94dd6b5072bb68d24c383c484f844f3ea50df044bb0192048a0b5446344a1e3a",
    "https://deno.land/x/danet@2.2.0/src/router/controller/mod.ts": "57162eec9e9a403f57ed703b7497c45e1a32167e82f7fa353b7a825f259a52d6",
    "https://deno.land/x/danet@2.2.0/src/router/controller/params/decorators.ts": "412e37f8486bb2ba62dfbb5c122c05fbdeda6950d15178c8ae82e895e3d6b531",
    "https://deno.land/x/danet@2.2.0/src/router/controller/params/mod.ts": "fb12984280f5149b3f5b5fe74eec42a90f98cd50cc6cf7a0e7c023aeef6bd3be",
    "https://deno.land/x/danet@2.2.0/src/router/middleware/decorator.ts": "177eb77673ab3ff8fb1edba9a8087baa20cce59a0b85c3d7292988acb261c55e",
    "https://deno.land/x/danet@2.2.0/src/router/middleware/executor.ts": "7dfadca18d183b64af096fb5ca7aa5fb13f99b7f9d5c4c80a987776e08813829",
    "https://deno.land/x/danet@2.2.0/src/router/middleware/global-container.ts": "e3ed934b6151d50dfbe4c6bf25325c3ca70d78ebd5a3bc797982a6d16b706e36",
    "https://deno.land/x/danet@2.2.0/src/router/middleware/mod.ts": "e78cf192bd6e8a2ffada19c9086a233c4d37b3291383a8f0160630fd9ce043d6",
    "https://deno.land/x/danet@2.2.0/src/router/mod.ts": "07959eb301197cec5aeafd27216aa1b61ff27675408416a7a834cbab9361d033",
    "https://deno.land/x/danet@2.2.0/src/router/router.ts": "e8969ec233c5448be56020feb46da551b8137c938393108b1f091ba3d320994b",
    "https://deno.land/x/danet@2.2.0/src/router/utils.ts": "3be4013ad9a27ce0784049d00d144077e993380cb52454cf4db01fce9572a253",
    "https://deno.land/x/danet@2.2.0/src/schedule/constants.ts": "68ace22d185b510f7412ab58547ca00ab4ef59f7c9966ecf5f097d72513d4239",
    "https://deno.land/x/danet@2.2.0/src/schedule/decorator.ts": "ad635df7721e00ce7e9cfc74fac21a8d37d2dd085b3142243a61b0bcb712d877",
    "https://deno.land/x/danet@2.2.0/src/schedule/enum.ts": "6f909a93a4efd97ef59e1979db1e6becd4f08bfee15fb3fb542a20a43d58f441",
    "https://deno.land/x/danet@2.2.0/src/schedule/mod.ts": "56c77cc41f689b91d110adc3f0030c37ebe7d9443b5d71730ef3ab7822786b93",
    "https://deno.land/x/danet@2.2.0/src/schedule/module.ts": "a793469c63facf5904e046f472ad116c05b4bf92429ed493174657a8b2a8b02a",
    "https://deno.land/x/danet@2.2.0/src/schedule/types.ts": "756ddf5ec5aa018347f5c750f3df73484e00c43ca6af54bd9d444e9f00c5e534",
    "https://deno.land/x/danet@2.2.0/src/utils/constructor.ts": "77725b0ca04ac63c9f006b55c8c6a70c422722a12b90a18e76c7f8a9250e0ab4",
    "https://deno.land/x/danet@2.2.0/src/utils/filepath.ts": "0b8e6739dac9b598e967ff11c8a985860d067bb0371f67952f458432288eda36",
    "https://deno.land/x/danet@2.2.0/src/utils/get-mime.ts": "9e10f3262170c09da67680fd80738a871c8d8b4e04fb73df660afc76b3489e6c",
    "https://deno.land/x/danet@2.2.0/src/utils/mod.ts": "d153c6c4108193f21ade3a81acbe348d387e12ced8360caff51e17a11ece852f",
    "https://deno.land/x/danet@2.2.0/src/utils/serve-static.ts": "178a879f0880f1e8b6d2eb31fc1f699af0d3b9078b6755a28dcf163f7af58b27",
    "https://deno.land/x/danet@2.2.0/validation.ts": "dfada0898cb427e7c706d16b0461d0b86f4db200f9cc26ded675f3c717215dca",
    "https://deno.land/x/danet_swagger@2.0.0/builder.ts": "5a03b0dc41666bccecd8fc64fef42fc4817ea3de5d5a4fac5d7c4e5c6dff7be5",
    "https://deno.land/x/danet_swagger@2.0.0/decorators.ts": "82d04793cfa44385c616bc81e414fce155fe3e40cf89ed01c658ac63169cd879",
    "https://deno.land/x/danet_swagger@2.0.0/deps.ts": "f38dd681960140788fb8bb332b9a88f0a3d04f5ae81f7f9e47c729f635c03f56",
    "https://deno.land/x/danet_swagger@2.0.0/method-definer.ts": "9a7d03d482e9e8f1133cf6b8ad393cbdd402759613575e211f019babd5172465",
    "https://deno.land/x/danet_swagger@2.0.0/mod.ts": "52d6e2715eda0b74b0b84c8cc5c3fb7af1f98714a9be1d0357eda6e993634459",
    "https://deno.land/x/danet_swagger@2.0.0/swagger.ts": "d6257a9c9a3f6278ff406303a8f68581c071dd73f2292ac12985e0a4524dd589",
    "https://deno.land/x/deno_reflect@v0.2.1/Reflect.ts": "82fee1a619fd11c321d0db7f9f4d50b6b5cb4ce321936ba8c8520b8c6c127508",
    "https://deno.land/x/deno_reflect@v0.2.1/mod.ts": "d2ca8f2338a10ecf7ae94b7d8329088f403ef080209c6eeeab3ae279ef904901",
    "https://deno.land/x/handlebars@v0.8.0/mod.ts": "ab92714e90d19121a735455332460ca9c5869ccc7840189f52094fe0b70e2d23",
    "https://deno.land/x/hono@v4.0.5/adapter/deno/serve-static.ts": "dc857afc2c2bac7668d2625e2d2970acd1affc46d5ffbe0db163412f5cee708f",
    "https://deno.land/x/hono@v4.0.5/client/client.ts": "9aa632e0df3bb1e10081a29577117c92b65f27252c56d2474ddba2113f584848",
    "https://deno.land/x/hono@v4.0.5/client/index.ts": "30def535310a37bede261f1b23d11a9758983b8e9d60a6c56309cee5f6746ab2",
    "https://deno.land/x/hono@v4.0.5/client/types.ts": "3c00a7ec75de1eb798260796e02a90fc8850aef023a5787467a5eb8c9fc7c297",
    "https://deno.land/x/hono@v4.0.5/client/utils.ts": "b61b11614aa976e4b6f829642528bd78bf8d19a72aa57426e40eb21507a69c0a",
    "https://deno.land/x/hono@v4.0.5/compose.ts": "37d6e33b7db80e4c43a0629b12fd3a1e3406e7d9e62a4bfad4b30426ea7ae4f1",
    "https://deno.land/x/hono@v4.0.5/context.ts": "2c6b270ca580a46335d04bb5aac39ac13d00e7e4910f54deba446c0a93f0401f",
    "https://deno.land/x/hono@v4.0.5/helper/cookie/index.ts": "9adc57af5723f16d52ec1162838ac3c77dc2c8b9e216762e7c68106c7468cc77",
    "https://deno.land/x/hono@v4.0.5/helper/html/index.ts": "48a0ddc576c10452db6c3cab03dd4ee6986ab61ebdc667335b40a81fa0487f69",
    "https://deno.land/x/hono@v4.0.5/hono-base.ts": "d3323a4668796cd56b9061ad34f2fa12a3c52178890cfffe27bd077e263c0ab7",
    "https://deno.land/x/hono@v4.0.5/hono.ts": "23edd0140bf0bd5a68c14ae96e5856a5cec6b844277e853b91025e91ea74f416",
    "https://deno.land/x/hono@v4.0.5/http-exception.ts": "0dc357bbf1510f59cdfc35aad569df97e5652f7406f0693437fe140383d8d9c0",
    "https://deno.land/x/hono@v4.0.5/jsx/base.ts": "a744e48717677dfe665163ba95b71a7d0d96fbd569ea447aa0bc4195e1aa91fd",
    "https://deno.land/x/hono@v4.0.5/jsx/components.ts": "77f1143ca5f1c8af52f7c6724b10f863e8d6a0815b57914837a3506de3fb2fdf",
    "https://deno.land/x/hono@v4.0.5/jsx/constants.ts": "03dbf805f4d07e3b34ab05ac84f3c0cb4fbafb2096fba7789a5f6226ca6f21ad",
    "https://deno.land/x/hono@v4.0.5/jsx/context.ts": "2b7a86e6b35da171fab27aa05f09748bb3eba64b26c037ea1da655c07e8f6bc1",
    "https://deno.land/x/hono@v4.0.5/jsx/dom/components.ts": "733da654edb3d4c178a4479649fac2c64e79069e37e848add0c3a49f90e7f2d7",
    "https://deno.land/x/hono@v4.0.5/jsx/dom/context.ts": "39cd1108f0933934075fd88ef98139b0f29cce35b5d30d5fed2231daaa19c208",
    "https://deno.land/x/hono@v4.0.5/jsx/dom/index.ts": "6df2b1b22c1eaeee8029f7c6ba1085a2fba1a567e3ca6750fb1ea4af39322e33",
    "https://deno.land/x/hono@v4.0.5/jsx/dom/jsx-dev-runtime.ts": "266a61edb91f596f8581218c2afb253449fa700e069298b5a3e96ee064a57183",
    "https://deno.land/x/hono@v4.0.5/jsx/dom/jsx-runtime.ts": "6a50a65306771a9000030f494d92a5fdeeb055112e0126234b2fd9179de1d4f5",
    "https://deno.land/x/hono@v4.0.5/jsx/dom/render.ts": "cda5d3dde2550b64eccfce13d5fe9420873e451dacda5b81f585d06fca3098fd",
    "https://deno.land/x/hono@v4.0.5/jsx/hooks/index.ts": "52c126b996bde4a8bd7a2fe327d97d1cd9ac85cb4c237db174957931c181c601",
    "https://deno.land/x/hono@v4.0.5/jsx/index.ts": "7ff75df12923a67c2fc4c2d06afc6db66ae95f854f091f6aa614b3e13f7d6ba8",
    "https://deno.land/x/hono@v4.0.5/jsx/intrinsic-elements.ts": "21c3a8f6ba07f0d7d7c0ec7293c79c26b9b62df2894e26cb6c17b6c7ec381264",
    "https://deno.land/x/hono@v4.0.5/jsx/streaming.ts": "0900f78cdd16529610de69329727e93d1bf60194b17595614db5fb4156cf8872",
    "https://deno.land/x/hono@v4.0.5/jsx/types.ts": "880971bd1e0704a6fba6b786ca596cbe23fc06e36c506f42ea17f84f9879f278",
    "https://deno.land/x/hono@v4.0.5/jsx/utils.ts": "7b9d84ce478c66a5f4709dc3a873ac7104ba3427597683221827abec2761da0e",
    "https://deno.land/x/hono@v4.0.5/middleware.ts": "782368901c77bf77410aa5bebbaba5ac9dfaae519a4d3d2753180a45e8b1c62f",
    "https://deno.land/x/hono@v4.0.5/middleware/basic-auth/index.ts": "cb9c6397f291612e2fa2f678e1cd85d427cf4395838d558a9fa2c99727f20fb0",
    "https://deno.land/x/hono@v4.0.5/middleware/bearer-auth/index.ts": "1bfe631db1661cd342a2220614af5e21455ebea11b8c3ed5f6df7ef8d02b9a54",
    "https://deno.land/x/hono@v4.0.5/middleware/cache/index.ts": "1294ca78a78d0ec279b8b8728837120458eeb429d774715777a412f190950312",
    "https://deno.land/x/hono@v4.0.5/middleware/compress/index.ts": "98c403a5fe7e9c5f5d776350b422b0a125fb34696851b8b14f825b9b7b06f2ac",
    "https://deno.land/x/hono@v4.0.5/middleware/cors/index.ts": "69e208e2bfd6345f14892e59ea817818373b3ebd74163177d687cd47ddbe1f6c",
    "https://deno.land/x/hono@v4.0.5/middleware/csrf/index.ts": "077bb0ce299d79d0d232cb9e462aaa4eaa901164f1310f74a7630f7e6cfe74e8",
    "https://deno.land/x/hono@v4.0.5/middleware/etag/index.ts": "3392aabea4d02dfec51455c5919bff9aad76538b9fde375dd542fbc3f389dd3a",
    "https://deno.land/x/hono@v4.0.5/middleware/jsx-renderer/index.ts": "69228a104964d2b12aae46b596d57813021a72ee304a47cffe126eaa4fd02df9",
    "https://deno.land/x/hono@v4.0.5/middleware/jwt/index.ts": "d5bbd0568ca703d53c9e005c33f322ea2eb54e3bb9e0e3cf0d6b2322be80a197",
    "https://deno.land/x/hono@v4.0.5/middleware/logger/index.ts": "4baf9217b61f5e9e937c3e4e6cd87508c83603fcee77c33edba0a6ae2cc41ccd",
    "https://deno.land/x/hono@v4.0.5/middleware/powered-by/index.ts": "6faba0cf042278d60b317b690640bb0b58747690cf280fa09024424c5174e66d",
    "https://deno.land/x/hono@v4.0.5/middleware/pretty-json/index.ts": "2216ce4c9910be009fecac63367c3626b46137d4cf7cb9a82913e501104b4a88",
    "https://deno.land/x/hono@v4.0.5/middleware/secure-headers/index.ts": "24cf3544002e882972842800bce223738b32c9c84bef7f74892e994819765f84",
    "https://deno.land/x/hono@v4.0.5/middleware/timing/index.ts": "241702aa10ab66cc832e8b556c57c236f3bf338a8817d802cb142eae0f852582",
    "https://deno.land/x/hono@v4.0.5/mod.ts": "90114a97be9111b348129ad0143e764a64921f60dd03b8f3da529db98a0d3a82",
    "https://deno.land/x/hono@v4.0.5/request.ts": "9c8061eaf4373aa122a77d1aa8e888397425bc5d78bc17c87a2c861375c4f0b3",
    "https://deno.land/x/hono@v4.0.5/router.ts": "880316f561918fc197481755aac2165fdbe2f530b925c5357a9f98d6e2cc85c7",
    "https://deno.land/x/hono@v4.0.5/router/linear-router/index.ts": "8a2a7144c50b1f4a92d9ee99c2c396716af144c868e10608255f969695efccd0",
    "https://deno.land/x/hono@v4.0.5/router/linear-router/router.ts": "9f8b82c2ba63aebafa58e2e0256490d34d254ebbe8a57ca9ce3ba23709bece3a",
    "https://deno.land/x/hono@v4.0.5/router/pattern-router/index.ts": "304a66c50e243872037ed41c7dd79ed0c89d815e17e172e7ad7cdc4bc07d3383",
    "https://deno.land/x/hono@v4.0.5/router/pattern-router/router.ts": "e42b3c45545da9120f4ac9cb333eed6f230ed5cee3fa52949d2c577a37517046",
    "https://deno.land/x/hono@v4.0.5/router/reg-exp-router/index.ts": "52755829213941756159b7a963097bafde5cc4fc22b13b1c7c9184dc0512d1db",
    "https://deno.land/x/hono@v4.0.5/router/reg-exp-router/node.ts": "5b3fb80411db04c65df066e69fedb2c8c0844753c2633d703336de84d569252c",
    "https://deno.land/x/hono@v4.0.5/router/reg-exp-router/router.ts": "512c43528739b12aff7c1f45b94a5459505ca88a47140a7d6abe0180cfc1ad00",
    "https://deno.land/x/hono@v4.0.5/router/reg-exp-router/trie.ts": "852ce7207e6701e47fa30889a0d2b8bfcd56d8862c97e7bc9831e0a64bd8835f",
    "https://deno.land/x/hono@v4.0.5/router/smart-router/index.ts": "74f9b4fe15ea535900f2b9b048581915f12fe94e531dd2b0032f5610e61c3bef",
    "https://deno.land/x/hono@v4.0.5/router/smart-router/router.ts": "f1848a2a1eefa316a11853ae12e749552747771fb8a11fe713ae04ea6461140b",
    "https://deno.land/x/hono@v4.0.5/router/trie-router/index.ts": "3eb75e7f71ba81801631b30de6b1f5cefb2c7239c03797e2b2cbab5085911b41",
    "https://deno.land/x/hono@v4.0.5/router/trie-router/node.ts": "04d2eac912cc367b95545ce10d889134fc37be74ca729a7f0772970f37b29d11",
    "https://deno.land/x/hono@v4.0.5/router/trie-router/router.ts": "54ced78d35676302c8fcdda4204f7bdf5a7cc907fbf9967c75674b1e394f830d",
    "https://deno.land/x/hono@v4.0.5/types.ts": "d520a35e3a4e22ab2189871a01c3b835c0b8b54abb5bc28ce133e9be0f9f8abe",
    "https://deno.land/x/hono@v4.0.5/utils/body.ts": "1c7013f83bbef8216b3d862111efd5a183eaa29e86decf9a7eec6cdf25757e93",
    "https://deno.land/x/hono@v4.0.5/utils/buffer.ts": "9066a973e64498cb262c7e932f47eed525a51677b17f90893862b7279dc0773e",
    "https://deno.land/x/hono@v4.0.5/utils/cookie.ts": "a8d61878bc6eb338d17758e2b5b47512ac1ced8d824fd4ff7b637b091cc7b28f",
    "https://deno.land/x/hono@v4.0.5/utils/crypto.ts": "bda0e141bbe46d3a4a20f8fbcb6380d473b617123d9fdfa93e4499410b537acc",
    "https://deno.land/x/hono@v4.0.5/utils/encode.ts": "311dfdfae7eb0b6345e9680f7ebbb3a692e872ed964e2029aca38567af8d1f33",
    "https://deno.land/x/hono@v4.0.5/utils/filepath.ts": "77b01ccb799dcd3ed60ac2e9726e0b786b47f33308533b5ff9b6430ba8e9299c",
    "https://deno.land/x/hono@v4.0.5/utils/html.ts": "6ea4f6bf41587a51607dff7a6d2865ef4d5001e4203b07e5c8a45b63a098e871",
    "https://deno.land/x/hono@v4.0.5/utils/http-status.ts": "f5b820f2793e45209f34deddf147b23e3133a89eb4c57dc643759a504706636b",
    "https://deno.land/x/hono@v4.0.5/utils/jwt/index.ts": "5e4b82a42eb3603351dfce726cd781ca41cb57437395409d227131aec348d2d5",
    "https://deno.land/x/hono@v4.0.5/utils/jwt/jwt.ts": "02ff7bbf1298ffcc7a40266842f8eac44b6c136453e32d4441e24d0cbfba3a95",
    "https://deno.land/x/hono@v4.0.5/utils/jwt/types.ts": "1dd79fce49dcaf54511d9bca88f5ae508cef577225aa581c811b248dc9c7a121",
    "https://deno.land/x/hono@v4.0.5/utils/mime.ts": "1e5db0919d2127995ec466dfd1ee637c3d63084f516ccbd3c6906ccf0d3f3c46",
    "https://deno.land/x/hono@v4.0.5/utils/types.ts": "47426b7de99a75aa39305a21868c8d8e8d1316d24136a2d35fdf24e15f72970c",
    "https://deno.land/x/hono@v4.0.5/utils/url.ts": "d9d307a495e7dfc6e916fbcfa74c2d8d23e8e685bddc5e6ebc9c0f784345a01a",
    "https://deno.land/x/hono@v4.0.5/validator/index.ts": "6c986e8b91dcf857ecc8164a506ae8eea8665792a4ff7215471df669c632ae7c",
    "https://deno.land/x/hono@v4.0.5/validator/validator.ts": "d80db93f84bce6406feac5d157cb97ee69242498d0dbec4568cb5df1a844bf0f",
    "https://deno.land/x/path_to_regexp@v6.2.1/index.ts": "894060567837bae8fc9c5cbd4d0a05e9024672083d5883b525c031eea940e556",
    "https://deno.land/x/phonenumber@v3.3.0/index-esm.mjs": "b73fa7c9ae3d21e1e34379cdb789e6ded39844ab31f92b728d1f37212b03cc29",
    "https://deno.land/x/validatte@0.7.2/behaviors/common/alpha.ts": "65895c5fac599dab05548948d268154ea2fb6a41b357440774ac08b7643736bd",
    "https://deno.land/x/validatte@0.7.2/behaviors/common/contains.ts": "3a85955c401b1fdc8340cf64bd3bab59a5ecec5645f378c3aa9f748568fe64ba",
    "https://deno.land/x/validatte@0.7.2/behaviors/common/equals.ts": "aa928807ca1dcfc5f9716420b51bc3622e26003aa9c31dfe55201ea8c5bdc01a",
    "https://deno.land/x/validatte@0.7.2/behaviors/common/isAfter.ts": "feddcd65eb411ccd710ae9b846c6b7a24e9329cca65ffc45d46fd298594012f4",
    "https://deno.land/x/validatte@0.7.2/behaviors/common/isAlpha.ts": "c094f3d066375036106af29629be15fb3ea9ccc07befd7a2f0f6f2f4fd487d19",
    "https://deno.land/x/validatte@0.7.2/behaviors/common/isAlphanumeric.ts": "fab791f9778b60da42602595af0ca57dbd9095997dcadb8793ba4414aa498130",
    "https://deno.land/x/validatte@0.7.2/behaviors/common/isAscii.ts": "a4f90e5411479d4f17d228ee6eebdbb9d156445bf6fdfe16cd876e2643008e85",
    "https://deno.land/x/validatte@0.7.2/behaviors/common/isBIC.ts": "c7d34b4e96a5b2fd50f616e32c1de1803aa3b8150c44018f326d07f029555e61",
    "https://deno.land/x/validatte@0.7.2/behaviors/common/isBase32.ts": "9a10a02d8b9f4e252a7032a07b7d2ab14f9df370b270afe088933adb8fe035f5",
    "https://deno.land/x/validatte@0.7.2/behaviors/common/isBase64.ts": "c373c1c433f6c51a0ae1ee563767e992f7c675413cd8a348294a12780a52f812",
    "https://deno.land/x/validatte@0.7.2/behaviors/common/isBefore.ts": "d8a11ff2e432389e5f5208c99b0d04c1010f3828073716d41aacc08e262376f2",
    "https://deno.land/x/validatte@0.7.2/behaviors/common/isBoolean.ts": "41ade5b55b433e3fef8daf3e2efdf8a580c493a924552a06d33e1e83980c7799",
    "https://deno.land/x/validatte@0.7.2/behaviors/common/isBtcAddress.ts": "7012e690abd6e94cd249753fd01df0e774771bfc6b527283b3c7895f89d2c4f9",
    "https://deno.land/x/validatte@0.7.2/behaviors/common/isByteLength.ts": "f210729b42998971d6161c85f8fff5ac46e414083a8f17d5269cca232d041762",
    "https://deno.land/x/validatte@0.7.2/behaviors/common/isCreditCard.ts": "ae8ee3cefc6d1c41191dccba5ffc1cf6cca15f7292af6822c77d08add1c51207",
    "https://deno.land/x/validatte@0.7.2/behaviors/common/isCurrency.ts": "c05bec8089406b2e2fe358a29a237d4473750c9778942d832fe5d3d61cecca7a",
    "https://deno.land/x/validatte@0.7.2/behaviors/common/isDataURI.ts": "45283277f916129bd6bf2a8d31b9cd2ae4475401be5e5bbffe83171a50d9600f",
    "https://deno.land/x/validatte@0.7.2/behaviors/common/isDate.ts": "5a661d6fcd61f7f522f450a33298907836a5a953e3186a16e6d9aab271ad3444",
    "https://deno.land/x/validatte@0.7.2/behaviors/common/isDecimal.ts": "60f76223241a8bcfba46f21ba809b2ed843c6dd16ebd5272a4c66cd8bdfd4194",
    "https://deno.land/x/validatte@0.7.2/behaviors/common/isDivisibleBy.ts": "85d4daa5e8330a10f2d3f8c6de742e35cc02ec679a0430eb6aa83de9b1e6a9b9",
    "https://deno.land/x/validatte@0.7.2/behaviors/common/isEAN.ts": "39b0e67de5f19ea06c7aa8f0a962f745b944fa0711c79a9ba19f21dc2a5d1dc6",
    "https://deno.land/x/validatte@0.7.2/behaviors/common/isEmail.ts": "a729bcc75e0ca937edacec4306f8f01843b36162ecd4889d1c6b1dbf82ab3a2f",
    "https://deno.land/x/validatte@0.7.2/behaviors/common/isEmpty.ts": "19317c70a3474d90317b5510b0771d11906261e6c0d003c6aa5fb9a33e0516a2",
    "https://deno.land/x/validatte@0.7.2/behaviors/common/isEthereumAddress.ts": "fc9f3a3c394cc55812db5d56b3bafb11b9e564f90e0830cf4d48ac488b0b65ad",
    "https://deno.land/x/validatte@0.7.2/behaviors/common/isFQDN.ts": "8ad9aad17d9dc63d05b35c56a82c3a6b7ddb1d4f87511c9e019f44527ecb2bc3",
    "https://deno.land/x/validatte@0.7.2/behaviors/common/isFloat.ts": "84e7aa246a62adb4de4e03990f8857987f6449c37fd8ee2795fc52ad3906dd44",
    "https://deno.land/x/validatte@0.7.2/behaviors/common/isFullWidth.ts": "9a2f5940d4b54b4014a52ada76aab727dbb9ea12f86954286c92f4aa122e7de9",
    "https://deno.land/x/validatte@0.7.2/behaviors/common/isHSL.ts": "f85876c84d0b460093714217d4c7f7ab9918b0dcb169527ec44a03b85b0b35ac",
    "https://deno.land/x/validatte@0.7.2/behaviors/common/isHalfWidth.ts": "aec4b519b620eed3741b20c44230239baac3416b28c3d93b9a2243e72010cb48",
    "https://deno.land/x/validatte@0.7.2/behaviors/common/isHash.ts": "648c1948446eee3a02fe269ac2b2bc62abc508ccefa248dbe1bc00036307930c",
    "https://deno.land/x/validatte@0.7.2/behaviors/common/isHexColor.ts": "6e0bd76bfc15a37fb652d991a7ee70802a97cbc8c735af21aa0a456baa9167ab",
    "https://deno.land/x/validatte@0.7.2/behaviors/common/isHexadecimal.ts": "e60de2ea7c25be003b6fee6e2ee134bc17fe932dff310f3e882bb79038448478",
    "https://deno.land/x/validatte@0.7.2/behaviors/common/isIBAN.ts": "276e389713901c6f25198319f9b24d7769938a42af21b2be39977fb21c8ea12e",
    "https://deno.land/x/validatte@0.7.2/behaviors/common/isIP.ts": "fc5e84fcd2e393231978a389d76040b63249c74b373578025b9500c56fc71234",
    "https://deno.land/x/validatte@0.7.2/behaviors/common/isIPRange.ts": "10cec77685aed00cb44d82169eb8dbd176ad82c99835dbd3ebd86f57c6771ad7",
    "https://deno.land/x/validatte@0.7.2/behaviors/common/isISBN.ts": "ab981ce3e61ff5950cc9054c5c574d9b3c155712a1d0148f9d2b7cff1271eb92",
    "https://deno.land/x/validatte@0.7.2/behaviors/common/isISIN.ts": "e18d85bedd8e46c723ee618f96e08a389019c7687d2c1986fc2ac5cec63af676",
    "https://deno.land/x/validatte@0.7.2/behaviors/common/isISO31661Alpha2.ts": "8a253eed31e036213dfd31762a531d7a41c4f5493b880c50add23f3163fff182",
    "https://deno.land/x/validatte@0.7.2/behaviors/common/isISO31661Alpha3.ts": "304f7e5974027beb5242f9d3b1cdf3b2976153d61a421578b4286b16bf5fc3b1",
    "https://deno.land/x/validatte@0.7.2/behaviors/common/isISO8601.ts": "8324f686e70bf43210dfe05302f6f763de4a7ad3cffe2e74f8c39b116bf20909",
    "https://deno.land/x/validatte@0.7.2/behaviors/common/isISRC.ts": "9d3437520e6165b3845309c186316a83fd8918dbaef3e692d399a43984b9ac45",
    "https://deno.land/x/validatte@0.7.2/behaviors/common/isISSN.ts": "dddedba62ade5d9bf242c2f30cee2843229a565d67d629a12c737fcb7d9d97fc",
    "https://deno.land/x/validatte@0.7.2/behaviors/common/isIdentityCard.ts": "90f8d0b8f7f424b8c989d51e505309a352ee18e3742e59a72bcaddf9f55a28d3",
    "https://deno.land/x/validatte@0.7.2/behaviors/common/isIn.ts": "f806aece2168cd34ceb250afe54f7910b085a577fe64d3b24ec5c6246d2a1d8f",
    "https://deno.land/x/validatte@0.7.2/behaviors/common/isInt.ts": "14a455417fddc3447e36330dd1efa4fa085bfc18729aea9da61f0b793085a841",
    "https://deno.land/x/validatte@0.7.2/behaviors/common/isJSON.ts": "e7eec619ab90d9fa8b5ccf7d8eebdcea01eef3188fb8b019a949fff5830cad20",
    "https://deno.land/x/validatte@0.7.2/behaviors/common/isJWT.ts": "6e30be61f54522e56075984e1449ac0014ea16510a64bbe70f12c346b0986cb4",
    "https://deno.land/x/validatte@0.7.2/behaviors/common/isLatLong.ts": "532bd82eb6e1c5f780c4bf40fbd21a7926f30a8392350259918a8822bcda7ade",
    "https://deno.land/x/validatte@0.7.2/behaviors/common/isLocale.ts": "e0e9b2f03df8258e9eb5a8a3279ca05d1c0bc65b030cacfeb8ed6429398b8075",
    "https://deno.land/x/validatte@0.7.2/behaviors/common/isLowerCase.ts": "6ac6fecef287bba6ea80c37eb33af2f269eeb499d6d609199e9311db1b3ebb7b",
    "https://deno.land/x/validatte@0.7.2/behaviors/common/isMACAddress.ts": "3d870459752270f953e46c11e561fb69ea61e6678e41c8aec195143fa3fb6bcf",
    "https://deno.land/x/validatte@0.7.2/behaviors/common/isMagnetURI.ts": "420ac2d9aaa2020077b8e3e12ef2815cda8d739547a4edb20f9ab220742465db",
    "https://deno.land/x/validatte@0.7.2/behaviors/common/isMimeType.ts": "bd6843e8254fc0bbbed9b870a0dca910994e43ab913617ec3e48efdaf9f40f7c",
    "https://deno.land/x/validatte@0.7.2/behaviors/common/isMobilePhone.ts": "308c42778bbbbfe85e5b51566d8d83e926fe595a9391e1d87c4c47335758693f",
    "https://deno.land/x/validatte@0.7.2/behaviors/common/isMongoId.ts": "b7dd0729f8cd835e3fe975bee65cf195eee61548f3c0f139be14023e4fa68232",
    "https://deno.land/x/validatte@0.7.2/behaviors/common/isMultibyte.ts": "94ddc5de79596576ed6230439424e94e0b45062ad68218ead3746aca06dc88c9",
    "https://deno.land/x/validatte@0.7.2/behaviors/common/isNumeric.ts": "a631647b12c732b6e4f7256cc9908e3ae887a163f9b31d5253bd08e0f233dfb7",
    "https://deno.land/x/validatte@0.7.2/behaviors/common/isOctal.ts": "69135760e71a57bbff2f0b5cc8587fdabaa52db52b43ff35da72417b4f1bb7a5",
    "https://deno.land/x/validatte@0.7.2/behaviors/common/isPassportNumber.ts": "87a5c66a4852b013bb7b6ce5fa50d8886a4ae005802f39c58b748839dcd249ed",
    "https://deno.land/x/validatte@0.7.2/behaviors/common/isPort.ts": "71ca3e168277ec9716f5d23c2231dc1c1e1da82d1947ccab71dd1056f38ac233",
    "https://deno.land/x/validatte@0.7.2/behaviors/common/isPostalCode.ts": "a07dd05782311fa82eb80bdd23088d51e6cf980841989fa51e1b359bce99444d",
    "https://deno.land/x/validatte@0.7.2/behaviors/common/isRFC3339.ts": "75577b84433d2b703fdb94c78a3027ba025de80c48c80634927fefa2e75fbc86",
    "https://deno.land/x/validatte@0.7.2/behaviors/common/isRgbColor.ts": "e8ff0a172dbb0f4cc26ab1a0308849377ccd2ff6598a514fdd3a120f4934fa6f",
    "https://deno.land/x/validatte@0.7.2/behaviors/common/isSemVer.ts": "a5c3189e9aebc80c1fc3a0055e9a8397045681eb3ac8b9fe8e9b99d1aff2e60e",
    "https://deno.land/x/validatte@0.7.2/behaviors/common/isSlug.ts": "4b07028be66a5465b77c8259fc701963d2f656f07956c22a835bb9a59cd4c742",
    "https://deno.land/x/validatte@0.7.2/behaviors/common/isSurrogatePair.ts": "b583892c5c8a211933ec423a007b04054893741ab980f10432e941369f87a81b",
    "https://deno.land/x/validatte@0.7.2/behaviors/common/isURL.ts": "e3fbc5b0ef1898d3f4fea1c5fd66364dec247847c9328d38080d595e441c85bd",
    "https://deno.land/x/validatte@0.7.2/behaviors/common/isUUID.ts": "d2e1f4eea17c193c4588bbc527e3d45272a75a473e324d396de5464ba302ed1f",
    "https://deno.land/x/validatte@0.7.2/behaviors/common/isUpperCase.ts": "f10f54e6735c1082333197e44354a7015111e2e45eae5cda41840318d0ee6f38",
    "https://deno.land/x/validatte@0.7.2/behaviors/common/isVariableWidth.ts": "4bbe57315cd701ea3412c931c75323ed15f6e9331c1b98c367a0c9c825dfedd0",
    "https://deno.land/x/validatte@0.7.2/behaviors/common/isWhitelisted.ts": "935c6a370dedf122ca31a95a54c2e2fb450b4834096382ce1e45449daf9c989d",
    "https://deno.land/x/validatte@0.7.2/behaviors/common/matches.ts": "f09f02f5be97b13af3496649c79c5d28660b0f34183514c09af2cbb305c61c7e",
    "https://deno.land/x/validatte@0.7.2/behaviors/common/mod.ts": "fa98aac9f09ec4961fba3e63bbb88b3644d6203a669cbd220e374354675dbdba",
    "https://deno.land/x/validatte@0.7.2/behaviors/common/toDate.ts": "6039ba389210853e552cc267139d26ead0b4df53b7f438dd5d7a367a12405c29",
    "https://deno.land/x/validatte@0.7.2/behaviors/common/toFloat.ts": "5ca3fde9036eca801cde73c0501060d6571a382a40a0c7a227d60c8663aee491",
    "https://deno.land/x/validatte@0.7.2/behaviors/common/util/includes.ts": "2fecfcd3c4781646561b8f4117101bca3bcb752323958505fc4edd3d981453e4",
    "https://deno.land/x/validatte@0.7.2/behaviors/common/util/merge.ts": "ae9840edf8f2e7715f7d95aa080de761eddeff0ad493ef8248550cc20eb2cc27",
    "https://deno.land/x/validatte@0.7.2/behaviors/common/util/multilineRegex.ts": "d873be92007e5952c3a1d89683a8ed0168415ebf44f9f5621d6d06bbdcd111d8",
    "https://deno.land/x/validatte@0.7.2/behaviors/common/util/toString.ts": "82fc8311e17b09f29c7fa55bfec39b6ec288c2d93b5b98f40356948ac89e39cd",
    "https://deno.land/x/validatte@0.7.2/behaviors/mod.ts": "5721e62f7afd0da797d5a2253139b79f9df20f14de67f611eb4c2cf9af144072",
    "https://deno.land/x/validatte@0.7.2/behaviors/number.ts": "24778150856544ea341360d7e700e27e5d8d8138d6c42ca231458336cd77eaee",
    "https://deno.land/x/validatte@0.7.2/behaviors/phone-number.ts": "5c448e2ac0f232f166ba6fc61b5ef15c848e40d6aee50d55436b34eb37130f8b",
    "https://deno.land/x/validatte@0.7.2/behaviors/string.ts": "1e10951582409cf2d37eb56c10d1affccd504302ed3b781319e95c39899fecf9",
    "https://deno.land/x/validatte@0.7.2/deps.ts": "ffb2eb3221c1ef291a3a6dbce83825137409edaac9ac22e57414c1cb214a642f",
    "https://deno.land/x/validatte@0.7.2/errors.ts": "f08fb050a6fc982814c3aa1f0e390648ffee77dee19152e367992c32fc65ee6f",
    "https://deno.land/x/validatte@0.7.2/mod.ts": "f23a7e287f8cdcde306a8af5d8980b90ab32f0238d5e931eace5545a44bd6bec",
    "https://deno.land/x/validatte@0.7.2/transform.ts": "310fb214f27d9ecc09664a4bb82c2efa3f9975a01282edaae731670fe8377b3e",
    "https://deno.land/x/validatte@0.7.2/types.ts": "08ba24c37db9c79ce9b4e0b4d280fb6de1236c6b1f4a3573640bcac994539429",
    "https://deno.land/x/validatte@0.7.2/validate.ts": "cd615164a2ff1551b4f24e150009615922886f88733c41a1c1e231a8dc51e2c2",
    "https://deno.land/x/validatte@0.7.2/validators/common.ts": "ca6cd85b1a22ff02d27960ab81a1064ac185e6dfe2dfa4d52d9d185a2d885c5c",
    "https://deno.land/x/validatte@0.7.2/validators/mod.ts": "2b2b36a34b4fef8f822ea065131f1b745f1a0289ae21fad803723b5dc152d528",
    "https://deno.land/x/validatte@0.7.2/validators/nested.ts": "92a7d938ce85198486a3d75af2e52d884a080fce1bc83fff2f59c3cd3efe41f6",
    "https://deno.land/x/validatte@0.7.2/validators/number.ts": "bcff549876a9f4adcf3d884da0dea33824c8f6045345e34d1c34e1f8151d584a",
    "https://deno.land/x/validatte@0.7.2/validators/phone-number.ts": "8766c34a6bf252a0a02ee4e8d1ac219d3721eb3b5d10c775deaa222e2e55bf7d",
    "https://deno.land/x/validatte@0.7.2/validators/string.ts": "8207993770437274e22e8a71ce36781ba320b3ae25247df606cad9a7e1ee81e9",
    "https://deno.land/x/validatte@0.7.2/validators/types-validators.ts": "7c808ec4b955f87dfc40b9f9d4714f28a13cc44b42b1ddec8ab0f1603f93ddeb",
    "https://dev.jspm.io/handlebars@4.7.6": "26ba31abe93897a86390da422b3488a253fc7976ae6b7454961842e3a7cf741a",
    "https://dev.jspm.io/npm:@jspm/core@2.0.1/_/0545670c.js": "468e254a0e5f7801333f217fcee046141186bd0a960018c893d73910bd754b71",
    "https://dev.jspm.io/npm:@jspm/core@2.0.1/_/3fe460d2.js": "991599d7a4ccc93f3dc0808aa706e713fd80a80fc8d21ec1fd28a96832030572",
    "https://dev.jspm.io/npm:@jspm/core@2.0.1/_/57403c48.js": "3fa9c20fb03311a58a652563a4c935f6e7666113d2f725a6458893bfbac75e5f",
    "https://dev.jspm.io/npm:@jspm/core@2.0.1/_/633ae550.js": "65a4b416c1a22251ee020c55496de44a08ae247d4108898dfc0f4753df829fc5",
    "https://dev.jspm.io/npm:@jspm/core@2.0.1/_/8dc3f476.js": "55ff556fbd358ec01e78b1bc31d4d22baf1479046e42ea17f712b58ea96ba535",
    "https://dev.jspm.io/npm:@jspm/core@2.0.1/_/8ddf35de.js": "c05f3a1431f18571f87b59b7d3cda65c8983712c9b424b5574623975dcc68863",
    "https://dev.jspm.io/npm:@jspm/core@2.0.1/_/a17f45f2.js": "a36e172b43861a826c2258b8735525a1b13eb59c198ee808b016586d02dab38f",
    "https://dev.jspm.io/npm:@jspm/core@2.0.1/_/a421dfba.js": "ec016925d8e0ec5e5b56c0847212c1113edce320f5f6920d241ee00ee115d172",
    "https://dev.jspm.io/npm:@jspm/core@2.0.1/_/c5b352d6.js": "991006a876c2c17414e1884022c7c96a5cbe9a4fc9ec1abd717ac3d0ee7d4c55",
    "https://dev.jspm.io/npm:@jspm/core@2.0.1/_/cb95b980.js": "e20e42c770070c4326cb18192218b59e90a5378cdc57897f0c5f3b99ae054f07",
    "https://dev.jspm.io/npm:@jspm/core@2.0.1/_/e0803811.js": "1f6fe590fd0eeb59d9911633c388a4d97bea171f10ad260bc63b6702eb6d2e25",
    "https://dev.jspm.io/npm:@jspm/core@2.0.1/nodelibs/assert": "d10535eedc33c732428f71cd82f4a0caf0e74fec90d6bd7c3535a8ea4389a5ce",
    "https://dev.jspm.io/npm:@jspm/core@2.0.1/nodelibs/buffer": "f6bd0a893f7d7d48422389dc81a2923809fbd24c2d6352c7f4bdd29dcad7154b",
    "https://dev.jspm.io/npm:@jspm/core@2.0.1/nodelibs/events": "e5cc37092fddd5ac75814ca2a779eda7977ef43b0b410d90c8f9323f89d80cb4",
    "https://dev.jspm.io/npm:@jspm/core@2.0.1/nodelibs/fs": "721ba251d28f561ab8b04b57938cba82b702b821bdf027b0f0c00bd7f94d3cdd",
    "https://dev.jspm.io/npm:@jspm/core@2.0.1/nodelibs/path": "3eefa6fbe73189ade0710d6dc4c725be27f0496cb5371d59c0a16b84be17e0cb",
    "https://dev.jspm.io/npm:@jspm/core@2.0.1/nodelibs/stream": "bbc5a30284349f7be148a0a9e81fbdf30d52abaf9b155554abce757bdffac50a",
    "https://dev.jspm.io/npm:@jspm/core@2.0.1/nodelibs/url": "3d7ca846b3826a38b6b6596e04446f053bcadb71b818a28333e620afd119fef7",
    "https://dev.jspm.io/npm:@jspm/core@2.0.1/nodelibs/util": "f22fa23c828774618e6f8705ce6705f5a4e1d939efc98af445805d6d9a9e4a44",
    "https://dev.jspm.io/npm:@jspm/core@2/nodelibs/fs": "9281dd30f0fbcfc282a5c235d54ed502166d109171380db7a609480e10e9627b",
    "https://dev.jspm.io/npm:handlebars@4.7.6!cjs": "7c4c3725d5fe6b6a8a54a3ee7ad431408be352766bb7ef896939c187551843f4",
    "https://dev.jspm.io/npm:handlebars@4.7.6/_/a1417093.js": "c1e9780dc6eba8b9c77b349b067229cfe6f262065260f00eb408fe25f753eb4e",
    "https://dev.jspm.io/npm:handlebars@4.7.6/_/cac9e115.js": "d712286974b51838c57eda9b84edd2187073669da612431453dd9c86aea4bafc",
    "https://dev.jspm.io/npm:handlebars@4.7.6/dist/cjs/handlebars!cjs": "39a84a96491feffb39897da2bd9a849e79cb86cf5d5cd6da63284167483ee143",
    "https://dev.jspm.io/npm:handlebars@4.7.6/dist/cjs/handlebars/compiler/ast!cjs": "9b5076563dacb44748843115b0d6c14cc66e1488fc0c17b942d9c6a7d2a16ef5",
    "https://dev.jspm.io/npm:handlebars@4.7.6/dist/cjs/handlebars/compiler/compiler!cjs": "0116ca9751cbc064ca8c8dd719a79bbcc2f9c8ba54f951afde408fa220b9bb48",
    "https://dev.jspm.io/npm:handlebars@4.7.6/dist/cjs/handlebars/compiler/javascript-compiler!cjs": "6211fdc4922bd7ff5bc4e5daac54622aa377df6e45da0384bc81916f8a78bc3d",
    "https://dev.jspm.io/npm:handlebars@4.7.6/dist/cjs/handlebars/compiler/parser!cjs": "cffdba5c6d7f1dabede1d968acbec343c3fdc3eb6abc4d973f96f06ef327bbe8",
    "https://dev.jspm.io/npm:handlebars@4.7.6/dist/cjs/handlebars/compiler/visitor!cjs": "366dfb7b33c7a525522b008d4ed3eb541e682e03e0b3d6346e584a8bade1b0e3",
    "https://dev.jspm.io/npm:handlebars@4.7.6/dist/cjs/handlebars/exception!cjs": "973fe30ab9ef17857fcf6f38657afb3c8c02735c584a54013d1ee157db471774",
    "https://dev.jspm.io/npm:handlebars@4.7.6/dist/cjs/handlebars/runtime!cjs": "be7b1fda7d4e781cb513a8fd6ccf7e9c6a459b3539395eb10544e4cc4b5b75d0",
    "https://dev.jspm.io/npm:handlebars@4.7.6/dist/cjs/handlebars/safe-string!cjs": "6b426d71581c1f2fec0b25965e739b7a553b1d58c4f4837cc397fecb2c5ea94b",
    "https://dev.jspm.io/npm:handlebars@4.7.6/dist/cjs/handlebars/utils!cjs": "b6830092192b399eaa7fe03fd9f2081a8deac657f2e501a635c5f00e43c98a23",
    "https://dev.jspm.io/npm:source-map@0.6!cjs": "98204842c2889a2728857d34114c603627cf01a601269d0aeb82d19af66d1282",
    "https://dev.jspm.io/npm:source-map@0.6.1!cjs": "d1d2e76a70ee5b91b70626a8c4ae24bed218f7282c4e306fc98db210093fee49",
    "https://dev.jspm.io/npm:source-map@0.6.1/_/b1dbe139.js": "aad45c56f326044267c6d37e24aa452e2c37426d76cc545e07ffe8c340013b7c",
    "https://dev.jspm.io/npm:source-map@0.6.1/lib/source-map-consumer!cjs": "3fc73a10b598c0bd0d29d176488755a8c1f6d3325afcb5f751a0cc7cbfac0f61",
    "https://dev.jspm.io/npm:source-map@0.6.1/lib/source-map-generator!cjs": "dc7a5810cdbfdad9fe573906ed113610940ae91ba7e575b98ae14494cff15117",
    "https://dev.jspm.io/npm:source-map@0.6.1/lib/util!cjs": "e101e0e50d54f2c5ec3393035ebd39cc1b5a77abf3323220f0954f1b0e60b462"
  }
}
